
Microsoft Visual Studio Solution File, Format Version 12.00
# Visual Studio Version 16
VisualStudioVersion = 16.0.30330.147
MinimumVisualStudioVersion = 10.0.40219.1
Project("{FAE04EC0-301F-11D3-BF4B-00C04F79EFBC}") = "Zahlenratspiel Webseite", "Zahlenratspiel Webseite\Zahlenratspiel Webseite.csproj", "{EC0827B7-869A-4B38-AA27-83CDE2FFFE31}"
EndProject
Global
	GlobalSection(SolutionConfigurationPlatforms) = preSolution
		Debug|Any CPU = Debug|Any CPU
		Release|Any CPU = Release|Any CPU
	EndGlobalSection
	GlobalSection(ProjectConfigurationPlatforms) = postSolution
		{EC0827B7-869A-4B38-AA27-83CDE2FFFE31}.Debug|Any CPU.ActiveCfg = Debug|Any CPU
		{EC0827B7-869A-4B38-AA27-83CDE2FFFE31}.Debug|Any CPU.Build.0 = Debug|Any CPU
		{EC0827B7-869A-4B38-AA27-83CDE2FFFE31}.Release|Any CPU.ActiveCfg = Release|Any CPU
		{EC0827B7-869A-4B38-AA27-83CDE2FFFE31}.Release|Any CPU.Build.0 = Release|Any CPU
	EndGlobalSection
	GlobalSection(SolutionProperties) = preSolution
		HideSolutionNode = FALSE
	EndGlobalSection
	GlobalSection(ExtensibilityGlobals) = postSolution
		SolutionGuid = {5119D49D-70F3-4536-A91E-69A273D1AC4F}
	EndGlobalSection
EndGlobal
